{
  "name": "kevinbui2.github.io",
  "lockfileVersion": 2,
  "requires": true,
  "packages": {
    "": {
      "dependencies": {
        "spotify-web-api-js": "^1.5.2",
        "typed.js": "^2.0.12"
      }
    },
    "node_modules/spotify-web-api-js": {
      "version": "1.5.2",
      "resolved": "https://registry.npmjs.org/spotify-web-api-js/-/spotify-web-api-js-1.5.2.tgz",
      "integrity": "sha512-ie1gbg1wCabfobIkXTIBLUMyULS/hMCpF44Cdx2pAO0/+FrjhNSDjlDzcwCEDy+ZIo3Fscs+Gkg/GTeQ/ijo+Q=="
    },
    "node_modules/typed.js": {
      "version": "2.0.12",
      "resolved": "https://registry.npmjs.org/typed.js/-/typed.js-2.0.12.tgz",
      "integrity": "sha512-lyACZh1cu+vpfYY3DG/bvsGLXXbdoDDpWxmqta10IQUdMXisMXOEyl+jos+YT9uBbzK4QaKYBjT3R0kTJO0Slw=="
    }
  },
  "dependencies": {
    "spotify-web-api-js": {
      "version": "1.5.2",
      "resolved": "https://registry.npmjs.org/spotify-web-api-js/-/spotify-web-api-js-1.5.2.tgz",
      "integrity": "sha512-ie1gbg1wCabfobIkXTIBLUMyULS/hMCpF44Cdx2pAO0/+FrjhNSDjlDzcwCEDy+ZIo3Fscs+Gkg/GTeQ/ijo+Q=="
    },
    "typed.js": {
      "version": "2.0.12",
      "resolved": "https://registry.npmjs.org/typed.js/-/typed.js-2.0.12.tgz",
      "integrity": "sha512-lyACZh1cu+vpfYY3DG/bvsGLXXbdoDDpWxmqta10IQUdMXisMXOEyl+jos+YT9uBbzK4QaKYBjT3R0kTJO0Slw=="
    }
  }
}
